// !$*UTF8*$!
{
	archiveVersion = 1;
	classes = {
	};
	objectVersion = 56;
	objects = {

/* Begin PBXBuildFile section */
		A305260F2BC04E4E00B68FB3 /* MeetingHeaderView.swift in Sources */ = {isa = PBXBuildFile; fileRef = A305260E2BC04E4E00B68FB3 /* MeetingHeaderView.swift */; };
		A30526112BC0532900B68FB3 /* ScrumProgressViewStyle.swift in Sources */ = {isa = PBXBuildFile; fileRef = A30526102BC0532900B68FB3 /* ScrumProgressViewStyle.swift */; };
		A30526132BC0550A00B68FB3 /* ScrumTimer.swift in Sources */ = {isa = PBXBuildFile; fileRef = A30526122BC0550A00B68FB3 /* ScrumTimer.swift */; };
		A30526152BC0575500B68FB3 /* MeetingFooterView.swift in Sources */ = {isa = PBXBuildFile; fileRef = A30526142BC0575500B68FB3 /* MeetingFooterView.swift */; };
		A31C8D3B2BBECA6600CE17E6 /* ThemeView.swift in Sources */ = {isa = PBXBuildFile; fileRef = A31C8D3A2BBECA6600CE17E6 /* ThemeView.swift */; };
		A31C8D3D2BBECBEA00CE17E6 /* ThemePicker.swift in Sources */ = {isa = PBXBuildFile; fileRef = A31C8D3C2BBECBEA00CE17E6 /* ThemePicker.swift */; };
		A326D7512BA46F1A0051D26D /* MeetingView.swift in Sources */ = {isa = PBXBuildFile; fileRef = A326D7502BA46F1A0051D26D /* MeetingView.swift */; };
		A326D7562BA46F1C0051D26D /* Preview Assets.xcassets in Resources */ = {isa = PBXBuildFile; fileRef = A326D7552BA46F1C0051D26D /* Preview Assets.xcassets */; };
		A326D7602BA46F1C0051D26D /* ScrumdingerTests.swift in Sources */ = {isa = PBXBuildFile; fileRef = A326D75F2BA46F1C0051D26D /* ScrumdingerTests.swift */; };
		A326D76A2BA46F1C0051D26D /* ScrumdingerUITests.swift in Sources */ = {isa = PBXBuildFile; fileRef = A326D7692BA46F1C0051D26D /* ScrumdingerUITests.swift */; };
		A326D76C2BA46F1C0051D26D /* ScrumdingerUITestsLaunchTests.swift in Sources */ = {isa = PBXBuildFile; fileRef = A326D76B2BA46F1C0051D26D /* ScrumdingerUITestsLaunchTests.swift */; };
		A326D77A2BA480810051D26D /* Theme.swift in Sources */ = {isa = PBXBuildFile; fileRef = A326D7792BA480810051D26D /* Theme.swift */; };
		A326D77E2BA482AB0051D26D /* Assets.xcassets in Resources */ = {isa = PBXBuildFile; fileRef = A326D77D2BA482AB0051D26D /* Assets.xcassets */; };
		A326D7802BA485EF0051D26D /* DailyScrum.swift in Sources */ = {isa = PBXBuildFile; fileRef = A326D77F2BA485EF0051D26D /* DailyScrum.swift */; };
		A34ACEE52BAC7CB4007DEC54 /* CardView.swift in Sources */ = {isa = PBXBuildFile; fileRef = A34ACEE42BAC7CB4007DEC54 /* CardView.swift */; };
		A34ACEE72BAC9C48007DEC54 /* TrailingIconLabelStyle.swift in Sources */ = {isa = PBXBuildFile; fileRef = A34ACEE62BAC9C48007DEC54 /* TrailingIconLabelStyle.swift */; };
		A37C15C02BBD7C2700CBCAD2 /* DetailEditView.swift in Sources */ = {isa = PBXBuildFile; fileRef = A37C15BF2BBD7C2700CBCAD2 /* DetailEditView.swift */; };
		A3A7AE022BB2EE9D008A8E87 /* ScrumsView.swift in Sources */ = {isa = PBXBuildFile; fileRef = A3A7AE012BB2EE9D008A8E87 /* ScrumsView.swift */; };
		A3A7AE042BB2F5C8008A8E87 /* ScrumdingerApp.swift in Sources */ = {isa = PBXBuildFile; fileRef = A3A7AE032BB2F5C8008A8E87 /* ScrumdingerApp.swift */; };
		A3B009572BCD48D70055C751 /* MeetingTimerView.swift in Sources */ = {isa = PBXBuildFile; fileRef = A3B009562BCD48D70055C751 /* MeetingTimerView.swift */; };
		A3B009592BCD4EA80055C751 /* SpeakerArc.swift in Sources */ = {isa = PBXBuildFile; fileRef = A3B009582BCD4EA80055C751 /* SpeakerArc.swift */; };
		A3B0095B2BCD756A0055C751 /* SpeechRecognizer.swift in Sources */ = {isa = PBXBuildFile; fileRef = A3B0095A2BCD756A0055C751 /* SpeechRecognizer.swift */; };
		A3B0095D2BCD81930055C751 /* HistoryView.swift in Sources */ = {isa = PBXBuildFile; fileRef = A3B0095C2BCD81930055C751 /* HistoryView.swift */; };
		A3B545372BC43B61003C1D25 /* AVPlayer+Ding.swift in Sources */ = {isa = PBXBuildFile; fileRef = A3B545362BC43B61003C1D25 /* AVPlayer+Ding.swift */; };
		A3B5453A2BC43FC0003C1D25 /* ding.wav in Resources */ = {isa = PBXBuildFile; fileRef = A3B545392BC43FC0003C1D25 /* ding.wav */; };
		A3B5453C2BC4446C003C1D25 /* NewScrumSheet.swift in Sources */ = {isa = PBXBuildFile; fileRef = A3B5453B2BC4446C003C1D25 /* NewScrumSheet.swift */; };
		A3B5453E2BC4490C003C1D25 /* History.swift in Sources */ = {isa = PBXBuildFile; fileRef = A3B5453D2BC4490C003C1D25 /* History.swift */; };
		A3C4DDDF2BB477980070B573 /* DetailView.swift in Sources */ = {isa = PBXBuildFile; fileRef = A3C4DDDE2BB477980070B573 /* DetailView.swift */; };
		A3F7FCCC2BC97D1B0057DFE8 /* ScrumStore.swift in Sources */ = {isa = PBXBuildFile; fileRef = A3F7FCCB2BC97D1B0057DFE8 /* ScrumStore.swift */; };
		A3F7FCCE2BC98B410057DFE8 /* ErrorWrapper.swift in Sources */ = {isa = PBXBuildFile; fileRef = A3F7FCCD2BC98B410057DFE8 /* ErrorWrapper.swift */; };
		A3F7FCD12BC98C4A0057DFE8 /* ErrorView.swift in Sources */ = {isa = PBXBuildFile; fileRef = A3F7FCD02BC98C4A0057DFE8 /* ErrorView.swift */; };
/* End PBXBuildFile section */

/* Begin PBXContainerItemProxy section */
		A326D75C2BA46F1C0051D26D /* PBXContainerItemProxy */ = {
			isa = PBXContainerItemProxy;
			containerPortal = A326D7432BA46F1A0051D26D /* Project object */;
			proxyType = 1;
			remoteGlobalIDString = A326D74A2BA46F1A0051D26D;
			remoteInfo = Scrumdinger;
		};
		A326D7662BA46F1C0051D26D /* PBXContainerItemProxy */ = {
			isa = PBXContainerItemProxy;
			containerPortal = A326D7432BA46F1A0051D26D /* Project object */;
			proxyType = 1;
			remoteGlobalIDString = A326D74A2BA46F1A0051D26D;
			remoteInfo = Scrumdinger;
		};
/* End PBXContainerItemProxy section */

/* Begin PBXFileReference section */
		A305260E2BC04E4E00B68FB3 /* MeetingHeaderView.swift */ = {isa = PBXFileReference; lastKnownFileType = sourcecode.swift; path = MeetingHeaderView.swift; sourceTree = "<group>"; };
		A30526102BC0532900B68FB3 /* ScrumProgressViewStyle.swift */ = {isa = PBXFileReference; fileEncoding = 4; lastKnownFileType = sourcecode.swift; path = ScrumProgressViewStyle.swift; sourceTree = "<group>"; };
		A30526122BC0550A00B68FB3 /* ScrumTimer.swift */ = {isa = PBXFileReference; fileEncoding = 4; lastKnownFileType = sourcecode.swift; path = ScrumTimer.swift; sourceTree = "<group>"; };
		A30526142BC0575500B68FB3 /* MeetingFooterView.swift */ = {isa = PBXFileReference; lastKnownFileType = sourcecode.swift; path = MeetingFooterView.swift; sourceTree = "<group>"; };
		A31C8D3A2BBECA6600CE17E6 /* ThemeView.swift */ = {isa = PBXFileReference; lastKnownFileType = sourcecode.swift; path = ThemeView.swift; sourceTree = "<group>"; };
		A31C8D3C2BBECBEA00CE17E6 /* ThemePicker.swift */ = {isa = PBXFileReference; lastKnownFileType = sourcecode.swift; path = ThemePicker.swift; sourceTree = "<group>"; };
		A326D74B2BA46F1A0051D26D /* Scrumdinger.app */ = {isa = PBXFileReference; explicitFileType = wrapper.application; includeInIndex = 0; path = Scrumdinger.app; sourceTree = BUILT_PRODUCTS_DIR; };
		A326D7502BA46F1A0051D26D /* MeetingView.swift */ = {isa = PBXFileReference; lastKnownFileType = sourcecode.swift; path = MeetingView.swift; sourceTree = "<group>"; };
		A326D7552BA46F1C0051D26D /* Preview Assets.xcassets */ = {isa = PBXFileReference; lastKnownFileType = folder.assetcatalog; path = "Preview Assets.xcassets"; sourceTree = "<group>"; };
		A326D75B2BA46F1C0051D26D /* ScrumdingerTests.xctest */ = {isa = PBXFileReference; explicitFileType = wrapper.cfbundle; includeInIndex = 0; path = ScrumdingerTests.xctest; sourceTree = BUILT_PRODUCTS_DIR; };
		A326D75F2BA46F1C0051D26D /* ScrumdingerTests.swift */ = {isa = PBXFileReference; lastKnownFileType = sourcecode.swift; path = ScrumdingerTests.swift; sourceTree = "<group>"; };
		A326D7652BA46F1C0051D26D /* ScrumdingerUITests.xctest */ = {isa = PBXFileReference; explicitFileType = wrapper.cfbundle; includeInIndex = 0; path = ScrumdingerUITests.xctest; sourceTree = BUILT_PRODUCTS_DIR; };
		A326D7692BA46F1C0051D26D /* ScrumdingerUITests.swift */ = {isa = PBXFileReference; lastKnownFileType = sourcecode.swift; path = ScrumdingerUITests.swift; sourceTree = "<group>"; };
		A326D76B2BA46F1C0051D26D /* ScrumdingerUITestsLaunchTests.swift */ = {isa = PBXFileReference; lastKnownFileType = sourcecode.swift; path = ScrumdingerUITestsLaunchTests.swift; sourceTree = "<group>"; };
		A326D7792BA480810051D26D /* Theme.swift */ = {isa = PBXFileReference; lastKnownFileType = sourcecode.swift; path = Theme.swift; sourceTree = "<group>"; };
		A326D77D2BA482AB0051D26D /* Assets.xcassets */ = {isa = PBXFileReference; lastKnownFileType = folder.assetcatalog; path = Assets.xcassets; sourceTree = "<group>"; };
		A326D77F2BA485EF0051D26D /* DailyScrum.swift */ = {isa = PBXFileReference; lastKnownFileType = sourcecode.swift; path = DailyScrum.swift; sourceTree = "<group>"; };
		A34ACEE42BAC7CB4007DEC54 /* CardView.swift */ = {isa = PBXFileReference; lastKnownFileType = sourcecode.swift; path = CardView.swift; sourceTree = "<group>"; };
		A34ACEE62BAC9C48007DEC54 /* TrailingIconLabelStyle.swift */ = {isa = PBXFileReference; lastKnownFileType = sourcecode.swift; path = TrailingIconLabelStyle.swift; sourceTree = "<group>"; };
		A37C15BF2BBD7C2700CBCAD2 /* DetailEditView.swift */ = {isa = PBXFileReference; lastKnownFileType = sourcecode.swift; path = DetailEditView.swift; sourceTree = "<group>"; };
		A3A7AE012BB2EE9D008A8E87 /* ScrumsView.swift */ = {isa = PBXFileReference; lastKnownFileType = sourcecode.swift; path = ScrumsView.swift; sourceTree = "<group>"; };
		A3A7AE032BB2F5C8008A8E87 /* ScrumdingerApp.swift */ = {isa = PBXFileReference; lastKnownFileType = sourcecode.swift; path = ScrumdingerApp.swift; sourceTree = "<group>"; };
		A3B009562BCD48D70055C751 /* MeetingTimerView.swift */ = {isa = PBXFileReference; lastKnownFileType = sourcecode.swift; path = MeetingTimerView.swift; sourceTree = "<group>"; };
		A3B009582BCD4EA80055C751 /* SpeakerArc.swift */ = {isa = PBXFileReference; lastKnownFileType = sourcecode.swift; path = SpeakerArc.swift; sourceTree = "<group>"; };
		A3B0095A2BCD756A0055C751 /* SpeechRecognizer.swift */ = {isa = PBXFileReference; fileEncoding = 4; lastKnownFileType = sourcecode.swift; path = SpeechRecognizer.swift; sourceTree = "<group>"; };
		A3B0095C2BCD81930055C751 /* HistoryView.swift */ = {isa = PBXFileReference; lastKnownFileType = sourcecode.swift; path = HistoryView.swift; sourceTree = "<group>"; };
		A3B545362BC43B61003C1D25 /* AVPlayer+Ding.swift */ = {isa = PBXFileReference; fileEncoding = 4; lastKnownFileType = sourcecode.swift; path = "AVPlayer+Ding.swift"; sourceTree = "<group>"; };
		A3B545392BC43FC0003C1D25 /* ding.wav */ = {isa = PBXFileReference; lastKnownFileType = audio.wav; path = ding.wav; sourceTree = "<group>"; };
		A3B5453B2BC4446C003C1D25 /* NewScrumSheet.swift */ = {isa = PBXFileReference; lastKnownFileType = sourcecode.swift; path = NewScrumSheet.swift; sourceTree = "<group>"; };
		A3B5453D2BC4490C003C1D25 /* History.swift */ = {isa = PBXFileReference; lastKnownFileType = sourcecode.swift; path = History.swift; sourceTree = "<group>"; };
		A3C4DDDE2BB477980070B573 /* DetailView.swift */ = {isa = PBXFileReference; lastKnownFileType = sourcecode.swift; path = DetailView.swift; sourceTree = "<group>"; };
		A3F7FCCB2BC97D1B0057DFE8 /* ScrumStore.swift */ = {isa = PBXFileReference; lastKnownFileType = sourcecode.swift; path = ScrumStore.swift; sourceTree = "<group>"; };
		A3F7FCCD2BC98B410057DFE8 /* ErrorWrapper.swift */ = {isa = PBXFileReference; lastKnownFileType = sourcecode.swift; path = ErrorWrapper.swift; sourceTree = "<group>"; };
		A3F7FCD02BC98C4A0057DFE8 /* ErrorView.swift */ = {isa = PBXFileReference; lastKnownFileType = sourcecode.swift; path = ErrorView.swift; sourceTree = "<group>"; };
/* End PBXFileReference section */

/* Begin PBXFrameworksBuildPhase section */
		A326D7482BA46F1A0051D26D /* Frameworks */ = {
			isa = PBXFrameworksBuildPhase;
			buildActionMask = 2147483647;
			files = (
			);
			runOnlyForDeploymentPostprocessing = 0;
		};
		A326D7582BA46F1C0051D26D /* Frameworks */ = {
			isa = PBXFrameworksBuildPhase;
			buildActionMask = 2147483647;
			files = (
			);
			runOnlyForDeploymentPostprocessing = 0;
		};
		A326D7622BA46F1C0051D26D /* Frameworks */ = {
			isa = PBXFrameworksBuildPhase;
			buildActionMask = 2147483647;
			files = (
			);
			runOnlyForDeploymentPostprocessing = 0;
		};
/* End PBXFrameworksBuildPhase section */

/* Begin PBXGroup section */
		A326D7422BA46F1A0051D26D = {
			isa = PBXGroup;
			children = (
				A326D74D2BA46F1A0051D26D /* Scrumdinger */,
				A326D75E2BA46F1C0051D26D /* ScrumdingerTests */,
				A326D7682BA46F1C0051D26D /* ScrumdingerUITests */,
				A326D74C2BA46F1A0051D26D /* Products */,
			);
			sourceTree = "<group>";
		};
		A326D74C2BA46F1A0051D26D /* Products */ = {
			isa = PBXGroup;
			children = (
				A326D74B2BA46F1A0051D26D /* Scrumdinger.app */,
				A326D75B2BA46F1C0051D26D /* ScrumdingerTests.xctest */,
				A326D7652BA46F1C0051D26D /* ScrumdingerUITests.xctest */,
			);
			name = Products;
			sourceTree = "<group>";
		};
		A326D74D2BA46F1A0051D26D /* Scrumdinger */ = {
			isa = PBXGroup;
			children = (
				A326D7782BA480280051D26D /* Models */,
				A3B545382BC43F48003C1D25 /* Resources */,
				A3F7FCCF2BC98BE00057DFE8 /* Views */,
				A326D7542BA46F1C0051D26D /* Preview Content */,
			);
			path = Scrumdinger;
			sourceTree = "<group>";
		};
		A326D7542BA46F1C0051D26D /* Preview Content */ = {
			isa = PBXGroup;
			children = (
				A326D7552BA46F1C0051D26D /* Preview Assets.xcassets */,
			);
			path = "Preview Content";
			sourceTree = "<group>";
		};
		A326D75E2BA46F1C0051D26D /* ScrumdingerTests */ = {
			isa = PBXGroup;
			children = (
				A326D75F2BA46F1C0051D26D /* ScrumdingerTests.swift */,
			);
			path = ScrumdingerTests;
			sourceTree = "<group>";
		};
		A326D7682BA46F1C0051D26D /* ScrumdingerUITests */ = {
			isa = PBXGroup;
			children = (
				A326D7692BA46F1C0051D26D /* ScrumdingerUITests.swift */,
				A326D76B2BA46F1C0051D26D /* ScrumdingerUITestsLaunchTests.swift */,
			);
			path = ScrumdingerUITests;
			sourceTree = "<group>";
		};
		A326D7782BA480280051D26D /* Models */ = {
			isa = PBXGroup;
			children = (
				A3B0095A2BCD756A0055C751 /* SpeechRecognizer.swift */,
				A3B5453B2BC4446C003C1D25 /* NewScrumSheet.swift */,
				A3A7AE032BB2F5C8008A8E87 /* ScrumdingerApp.swift */,
				A3B5453D2BC4490C003C1D25 /* History.swift */,
				A326D7792BA480810051D26D /* Theme.swift */,
				A30526122BC0550A00B68FB3 /* ScrumTimer.swift */,
				A3B545362BC43B61003C1D25 /* AVPlayer+Ding.swift */,
				A326D77F2BA485EF0051D26D /* DailyScrum.swift */,
				A3F7FCCB2BC97D1B0057DFE8 /* ScrumStore.swift */,
				A31C8D3C2BBECBEA00CE17E6 /* ThemePicker.swift */,
				A30526102BC0532900B68FB3 /* ScrumProgressViewStyle.swift */,
				A34ACEE62BAC9C48007DEC54 /* TrailingIconLabelStyle.swift */,
				A3F7FCCD2BC98B410057DFE8 /* ErrorWrapper.swift */,
			);
			path = Models;
			sourceTree = "<group>";
		};
		A3B545382BC43F48003C1D25 /* Resources */ = {
			isa = PBXGroup;
			children = (
				A3B545392BC43FC0003C1D25 /* ding.wav */,
				A326D77D2BA482AB0051D26D /* Assets.xcassets */,
			);
			path = Resources;
			sourceTree = "<group>";
		};
		A3F7FCCF2BC98BE00057DFE8 /* Views */ = {
			isa = PBXGroup;
			children = (
				A34ACEE42BAC7CB4007DEC54 /* CardView.swift */,
				A3F7FCD02BC98C4A0057DFE8 /* ErrorView.swift */,
				A305260E2BC04E4E00B68FB3 /* MeetingHeaderView.swift */,
				A326D7502BA46F1A0051D26D /* MeetingView.swift */,
				A3B0095C2BCD81930055C751 /* HistoryView.swift */,
				A3B009582BCD4EA80055C751 /* SpeakerArc.swift */,
				A3A7AE012BB2EE9D008A8E87 /* ScrumsView.swift */,
				A3C4DDDE2BB477980070B573 /* DetailView.swift */,
				A37C15BF2BBD7C2700CBCAD2 /* DetailEditView.swift */,
				A30526142BC0575500B68FB3 /* MeetingFooterView.swift */,
				A31C8D3A2BBECA6600CE17E6 /* ThemeView.swift */,
				A3B009562BCD48D70055C751 /* MeetingTimerView.swift */,
			);
			path = Views;
			sourceTree = "<group>";
		};
/* End PBXGroup section */

/* Begin PBXNativeTarget section */
		A326D74A2BA46F1A0051D26D /* Scrumdinger */ = {
			isa = PBXNativeTarget;
			buildConfigurationList = A326D76F2BA46F1C0051D26D /* Build configuration list for PBXNativeTarget "Scrumdinger" */;
			buildPhases = (
				A326D7472BA46F1A0051D26D /* Sources */,
				A326D7482BA46F1A0051D26D /* Frameworks */,
				A326D7492BA46F1A0051D26D /* Resources */,
			);
			buildRules = (
			);
			dependencies = (
			);
			name = Scrumdinger;
			productName = Scrumdinger;
			productReference = A326D74B2BA46F1A0051D26D /* Scrumdinger.app */;
			productType = "com.apple.product-type.application";
		};
		A326D75A2BA46F1C0051D26D /* ScrumdingerTests */ = {
			isa = PBXNativeTarget;
			buildConfigurationList = A326D7722BA46F1C0051D26D /* Build configuration list for PBXNativeTarget "ScrumdingerTests" */;
			buildPhases = (
				A326D7572BA46F1C0051D26D /* Sources */,
				A326D7582BA46F1C0051D26D /* Frameworks */,
				A326D7592BA46F1C0051D26D /* Resources */,
			);
			buildRules = (
			);
			dependencies = (
				A326D75D2BA46F1C0051D26D /* PBXTargetDependency */,
			);
			name = ScrumdingerTests;
			productName = ScrumdingerTests;
			productReference = A326D75B2BA46F1C0051D26D /* ScrumdingerTests.xctest */;
			productType = "com.apple.product-type.bundle.unit-test";
		};
		A326D7642BA46F1C0051D26D /* ScrumdingerUITests */ = {
			isa = PBXNativeTarget;
			buildConfigurationList = A326D7752BA46F1C0051D26D /* Build configuration list for PBXNativeTarget "ScrumdingerUITests" */;
			buildPhases = (
				A326D7612BA46F1C0051D26D /* Sources */,
				A326D7622BA46F1C0051D26D /* Frameworks */,
				A326D7632BA46F1C0051D26D /* Resources */,
			);
			buildRules = (
			);
			dependencies = (
				A326D7672BA46F1C0051D26D /* PBXTargetDependency */,
			);
			name = ScrumdingerUITests;
			productName = ScrumdingerUITests;
			productReference = A326D7652BA46F1C0051D26D /* ScrumdingerUITests.xctest */;
			productType = "com.apple.product-type.bundle.ui-testing";
		};
/* End PBXNativeTarget section */

/* Begin PBXProject section */
		A326D7432BA46F1A0051D26D /* Project object */ = {
			isa = PBXProject;
			attributes = {
				BuildIndependentTargetsInParallel = 1;
				LastSwiftUpdateCheck = 1530;
				LastUpgradeCheck = 1530;
				TargetAttributes = {
					A326D74A2BA46F1A0051D26D = {
						CreatedOnToolsVersion = 15.3;
					};
					A326D75A2BA46F1C0051D26D = {
						CreatedOnToolsVersion = 15.3;
						TestTargetID = A326D74A2BA46F1A0051D26D;
					};
					A326D7642BA46F1C0051D26D = {
						CreatedOnToolsVersion = 15.3;
						TestTargetID = A326D74A2BA46F1A0051D26D;
					};
				};
			};
			buildConfigurationList = A326D7462BA46F1A0051D26D /* Build configuration list for PBXProject "Scrumdinger" */;
			compatibilityVersion = "Xcode 14.0";
			developmentRegion = en;
			hasScannedForEncodings = 0;
			knownRegions = (
				en,
				Base,
			);
			mainGroup = A326D7422BA46F1A0051D26D;
			productRefGroup = A326D74C2BA46F1A0051D26D /* Products */;
			projectDirPath = "";
			projectRoot = "";
			targets = (
				A326D74A2BA46F1A0051D26D /* Scrumdinger */,
				A326D75A2BA46F1C0051D26D /* ScrumdingerTests */,
				A326D7642BA46F1C0051D26D /* ScrumdingerUITests */,
			);
		};
/* End PBXProject section */

/* Begin PBXResourcesBuildPhase section */
		A326D7492BA46F1A0051D26D /* Resources */ = {
			isa = PBXResourcesBuildPhase;
			buildActionMask = 2147483647;
			files = (
				A3B5453A2BC43FC0003C1D25 /* ding.wav in Resources */,
				A326D77E2BA482AB0051D26D /* Assets.xcassets in Resources */,
				A326D7562BA46F1C0051D26D /* Preview Assets.xcassets in Resources */,
			);
			runOnlyForDeploymentPostprocessing = 0;
		};
		A326D7592BA46F1C0051D26D /* Resources */ = {
			isa = PBXResourcesBuildPhase;
			buildActionMask = 2147483647;
			files = (
			);
			runOnlyForDeploymentPostprocessing = 0;
		};
		A326D7632BA46F1C0051D26D /* Resources */ = {
			isa = PBXResourcesBuildPhase;
			buildActionMask = 2147483647;
			files = (
			);
			runOnlyForDeploymentPostprocessing = 0;
		};
/* End PBXResourcesBuildPhase section */

/* Begin PBXSourcesBuildPhase section */
		A326D7472BA46F1A0051D26D /* Sources */ = {
			isa = PBXSourcesBuildPhase;
			buildActionMask = 2147483647;
			files = (
				A3B5453E2BC4490C003C1D25 /* History.swift in Sources */,
				A31C8D3D2BBECBEA00CE17E6 /* ThemePicker.swift in Sources */,
				A30526112BC0532900B68FB3 /* ScrumProgressViewStyle.swift in Sources */,
				A30526152BC0575500B68FB3 /* MeetingFooterView.swift in Sources */,
				A3B009592BCD4EA80055C751 /* SpeakerArc.swift in Sources */,
				A3F7FCD12BC98C4A0057DFE8 /* ErrorView.swift in Sources */,
				A30526132BC0550A00B68FB3 /* ScrumTimer.swift in Sources */,
				A3B0095D2BCD81930055C751 /* HistoryView.swift in Sources */,
				A3B009572BCD48D70055C751 /* MeetingTimerView.swift in Sources */,
				A326D7802BA485EF0051D26D /* DailyScrum.swift in Sources */,
				A3F7FCCC2BC97D1B0057DFE8 /* ScrumStore.swift in Sources */,
				A3C4DDDF2BB477980070B573 /* DetailView.swift in Sources */,
				A3F7FCCE2BC98B410057DFE8 /* ErrorWrapper.swift in Sources */,
				A305260F2BC04E4E00B68FB3 /* MeetingHeaderView.swift in Sources */,
				A37C15C02BBD7C2700CBCAD2 /* DetailEditView.swift in Sources */,
				A3B5453C2BC4446C003C1D25 /* NewScrumSheet.swift in Sources */,
				A34ACEE72BAC9C48007DEC54 /* TrailingIconLabelStyle.swift in Sources */,
				A326D77A2BA480810051D26D /* Theme.swift in Sources */,
				A3B0095B2BCD756A0055C751 /* SpeechRecognizer.swift in Sources */,
				A3A7AE042BB2F5C8008A8E87 /* ScrumdingerApp.swift in Sources */,
				A3A7AE022BB2EE9D008A8E87 /* ScrumsView.swift in Sources */,
				A326D7512BA46F1A0051D26D /* MeetingView.swift in Sources */,
				A31C8D3B2BBECA6600CE17E6 /* ThemeView.swift in Sources */,
				A34ACEE52BAC7CB4007DEC54 /* CardView.swift in Sources */,
				A3B545372BC43B61003C1D25 /* AVPlayer+Ding.swift in Sources */,
			);
			runOnlyForDeploymentPostprocessing = 0;
		};
		A326D7572BA46F1C0051D26D /* Sources */ = {
			isa = PBXSourcesBuildPhase;
			buildActionMask = 2147483647;
			files = (
				A326D7602BA46F1C0051D26D /* ScrumdingerTests.swift in Sources */,
			);
			runOnlyForDeploymentPostprocessing = 0;
		};
		A326D7612BA46F1C0051D26D /* Sources */ = {
			isa = PBXSourcesBuildPhase;
			buildActionMask = 2147483647;
			files = (
				A326D76C2BA46F1C0051D26D /* ScrumdingerUITestsLaunchTests.swift in Sources */,
				A326D76A2BA46F1C0051D26D /* ScrumdingerUITests.swift in Sources */,
			);
			runOnlyForDeploymentPostprocessing = 0;
		};
/* End PBXSourcesBuildPhase section */

/* Begin PBXTargetDependency section */
		A326D75D2BA46F1C0051D26D /* PBXTargetDependency */ = {
			isa = PBXTargetDependency;
			target = A326D74A2BA46F1A0051D26D /* Scrumdinger */;
			targetProxy = A326D75C2BA46F1C0051D26D /* PBXContainerItemProxy */;
		};
		A326D7672BA46F1C0051D26D /* PBXTargetDependency */ = {
			isa = PBXTargetDependency;
			target = A326D74A2BA46F1A0051D26D /* Scrumdinger */;
			targetProxy = A326D7662BA46F1C0051D26D /* PBXContainerItemProxy */;
		};
/* End PBXTargetDependency section */

/* Begin XCBuildConfiguration section */
		A326D76D2BA46F1C0051D26D /* Debug */ = {
			isa = XCBuildConfiguration;
			buildSettings = {
				ALWAYS_SEARCH_USER_PATHS = NO;
				ASSETCATALOG_COMPILER_GENERATE_SWIFT_ASSET_SYMBOL_EXTENSIONS = YES;
				CLANG_ANALYZER_NONNULL = YES;
				CLANG_ANALYZER_NUMBER_OBJECT_CONVERSION = YES_AGGRESSIVE;
				CLANG_CXX_LANGUAGE_STANDARD = "gnu++20";
				CLANG_ENABLE_MODULES = YES;
				CLANG_ENABLE_OBJC_ARC = YES;
				CLANG_ENABLE_OBJC_WEAK = YES;
				CLANG_WARN_BLOCK_CAPTURE_AUTORELEASING = YES;
				CLANG_WARN_BOOL_CONVERSION = YES;
				CLANG_WARN_COMMA = YES;
				CLANG_WARN_CONSTANT_CONVERSION = YES;
				CLANG_WARN_DEPRECATED_OBJC_IMPLEMENTATIONS = YES;
				CLANG_WARN_DIRECT_OBJC_ISA_USAGE = YES_ERROR;
				CLANG_WARN_DOCUMENTATION_COMMENTS = YES;
				CLANG_WARN_EMPTY_BODY = YES;
				CLANG_WARN_ENUM_CONVERSION = YES;
				CLANG_WARN_INFINITE_RECURSION = YES;
				CLANG_WARN_INT_CONVERSION = YES;
				CLANG_WARN_NON_LITERAL_NULL_CONVERSION = YES;
				CLANG_WARN_OBJC_IMPLICIT_RETAIN_SELF = YES;
				CLANG_WARN_OBJC_LITERAL_CONVERSION = YES;
				CLANG_WARN_OBJC_ROOT_CLASS = YES_ERROR;
				CLANG_WARN_QUOTED_INCLUDE_IN_FRAMEWORK_HEADER = YES;
				CLANG_WARN_RANGE_LOOP_ANALYSIS = YES;
				CLANG_WARN_STRICT_PROTOTYPES = YES;
				CLANG_WARN_SUSPICIOUS_MOVE = YES;
				CLANG_WARN_UNGUARDED_AVAILABILITY = YES_AGGRESSIVE;
				CLANG_WARN_UNREACHABLE_CODE = YES;
				CLANG_WARN__DUPLICATE_METHOD_MATCH = YES;
				COPY_PHASE_STRIP = NO;
				DEBUG_INFORMATION_FORMAT = dwarf;
				ENABLE_STRICT_OBJC_MSGSEND = YES;
				ENABLE_TESTABILITY = YES;
				ENABLE_USER_SCRIPT_SANDBOXING = YES;
				GCC_C_LANGUAGE_STANDARD = gnu17;
				GCC_DYNAMIC_NO_PIC = NO;
				GCC_NO_COMMON_BLOCKS = YES;
				GCC_OPTIMIZATION_LEVEL = 0;
				GCC_PREPROCESSOR_DEFINITIONS = (
					"DEBUG=1",
					"$(inherited)",
				);
				GCC_WARN_64_TO_32_BIT_CONVERSION = YES;
				GCC_WARN_ABOUT_RETURN_TYPE = YES_ERROR;
				GCC_WARN_UNDECLARED_SELECTOR = YES;
				GCC_WARN_UNINITIALIZED_AUTOS = YES_AGGRESSIVE;
				GCC_WARN_UNUSED_FUNCTION = YES;
				GCC_WARN_UNUSED_VARIABLE = YES;
				IPHONEOS_DEPLOYMENT_TARGET = 17.4;
				LOCALIZATION_PREFERS_STRING_CATALOGS = YES;
				MTL_ENABLE_DEBUG_INFO = INCLUDE_SOURCE;
				MTL_FAST_MATH = YES;
				ONLY_ACTIVE_ARCH = YES;
				SDKROOT = iphoneos;
				SWIFT_ACTIVE_COMPILATION_CONDITIONS = "DEBUG $(inherited)";
				SWIFT_OPTIMIZATION_LEVEL = "-Onone";
			};
			name = Debug;
		};
		A326D76E2BA46F1C0051D26D /* Release */ = {
			isa = XCBuildConfiguration;
			buildSettings = {
				ALWAYS_SEARCH_USER_PATHS = NO;
				ASSETCATALOG_COMPILER_GENERATE_SWIFT_ASSET_SYMBOL_EXTENSIONS = YES;
				CLANG_ANALYZER_NONNULL = YES;
				CLANG_ANALYZER_NUMBER_OBJECT_CONVERSION = YES_AGGRESSIVE;
				CLANG_CXX_LANGUAGE_STANDARD = "gnu++20";
				CLANG_ENABLE_MODULES = YES;
				CLANG_ENABLE_OBJC_ARC = YES;
				CLANG_ENABLE_OBJC_WEAK = YES;
				CLANG_WARN_BLOCK_CAPTURE_AUTORELEASING = YES;
				CLANG_WARN_BOOL_CONVERSION = YES;
				CLANG_WARN_COMMA = YES;
				CLANG_WARN_CONSTANT_CONVERSION = YES;
				CLANG_WARN_DEPRECATED_OBJC_IMPLEMENTATIONS = YES;
				CLANG_WARN_DIRECT_OBJC_ISA_USAGE = YES_ERROR;
				CLANG_WARN_DOCUMENTATION_COMMENTS = YES;
				CLANG_WARN_EMPTY_BODY = YES;
				CLANG_WARN_ENUM_CONVERSION = YES;
				CLANG_WARN_INFINITE_RECURSION = YES;
				CLANG_WARN_INT_CONVERSION = YES;
				CLANG_WARN_NON_LITERAL_NULL_CONVERSION = YES;
				CLANG_WARN_OBJC_IMPLICIT_RETAIN_SELF = YES;
				CLANG_WARN_OBJC_LITERAL_CONVERSION = YES;
				CLANG_WARN_OBJC_ROOT_CLASS = YES_ERROR;
				CLANG_WARN_QUOTED_INCLUDE_IN_FRAMEWORK_HEADER = YES;
				CLANG_WARN_RANGE_LOOP_ANALYSIS = YES;
				CLANG_WARN_STRICT_PROTOTYPES = YES;
				CLANG_WARN_SUSPICIOUS_MOVE = YES;
				CLANG_WARN_UNGUARDED_AVAILABILITY = YES_AGGRESSIVE;
				CLANG_WARN_UNREACHABLE_CODE = YES;
				CLANG_WARN__DUPLICATE_METHOD_MATCH = YES;
				COPY_PHASE_STRIP = NO;
				DEBUG_INFORMATION_FORMAT = "dwarf-with-dsym";
				ENABLE_NS_ASSERTIONS = NO;
				ENABLE_STRICT_OBJC_MSGSEND = YES;
				ENABLE_USER_SCRIPT_SANDBOXING = YES;
				GCC_C_LANGUAGE_STANDARD = gnu17;
				GCC_NO_COMMON_BLOCKS = YES;
				GCC_WARN_64_TO_32_BIT_CONVERSION = YES;
				GCC_WARN_ABOUT_RETURN_TYPE = YES_ERROR;
				GCC_WARN_UNDECLARED_SELECTOR = YES;
				GCC_WARN_UNINITIALIZED_AUTOS = YES_AGGRESSIVE;
				GCC_WARN_UNUSED_FUNCTION = YES;
				GCC_WARN_UNUSED_VARIABLE = YES;
				IPHONEOS_DEPLOYMENT_TARGET = 17.4;
				LOCALIZATION_PREFERS_STRING_CATALOGS = YES;
				MTL_ENABLE_DEBUG_INFO = NO;
				MTL_FAST_MATH = YES;
				SDKROOT = iphoneos;
				SWIFT_COMPILATION_MODE = wholemodule;
				VALIDATE_PRODUCT = YES;
			};
			name = Release;
		};
		A326D7702BA46F1C0051D26D /* Debug */ = {
			isa = XCBuildConfiguration;
			buildSettings = {
				ASSETCATALOG_COMPILER_APPICON_NAME = AppIcon;
				ASSETCATALOG_COMPILER_GLOBAL_ACCENT_COLOR_NAME = AccentColor;
				CODE_SIGN_STYLE = Automatic;
				CURRENT_PROJECT_VERSION = 1;
				DEVELOPMENT_ASSET_PATHS = "\"Scrumdinger/Preview Content\"";
				DEVELOPMENT_TEAM = DG4449RVDY;
				ENABLE_PREVIEWS = YES;
				GENERATE_INFOPLIST_FILE = YES;
				INFOPLIST_KEY_NSMicrophoneUsageDescription = "Audio is recorded to transcribe the meeting. Audio recordings are discarded after transcription.";
				INFOPLIST_KEY_NSSpeechRecognitionUsageDescription = "You can view a text transcription of your meeting in the app.";
				INFOPLIST_KEY_UIApplicationSceneManifest_Generation = YES;
				INFOPLIST_KEY_UIApplicationSupportsIndirectInputEvents = YES;
				INFOPLIST_KEY_UILaunchScreen_Generation = YES;
				INFOPLIST_KEY_UISupportedInterfaceOrientations_iPad = "UIInterfaceOrientationPortrait UIInterfaceOrientationPortraitUpsideDown UIInterfaceOrientationLandscapeLeft UIInterfaceOrientationLandscapeRight";
				INFOPLIST_KEY_UISupportedInterfaceOrientations_iPhone = "UIInterfaceOrientationPortrait UIInterfaceOrientationLandscapeLeft UIInterfaceOrientationLandscapeRight";
				LD_RUNPATH_SEARCH_PATHS = (
					"$(inherited)",
					"@executable_path/Frameworks",
				);
				MARKETING_VERSION = 1.0;
				PRODUCT_BUNDLE_IDENTIFIER = com.gc.Scrumdinger;
				PRODUCT_NAME = "$(TARGET_NAME)";
				SWIFT_EMIT_LOC_STRINGS = YES;
				SWIFT_VERSION = 5.0;
				TARGETED_DEVICE_FAMILY = "1,2";
			};
			name = Debug;
		};
		A326D7712BA46F1C0051D26D /* Release */ = {
			isa = XCBuildConfiguration;
			buildSettings = {
				ASSETCATALOG_COMPILER_APPICON_NAME = AppIcon;
				ASSETCATALOG_COMPILER_GLOBAL_ACCENT_COLOR_NAME = AccentColor;
				CODE_SIGN_STYLE = Automatic;
				CURRENT_PROJECT_VERSION = 1;
				DEVELOPMENT_ASSET_PATHS = "\"Scrumdinger/Preview Content\"";
				DEVELOPMENT_TEAM = DG4449RVDY;
				ENABLE_PREVIEWS = YES;
				GENERATE_INFOPLIST_FILE = YES;
				INFOPLIST_KEY_NSMicrophoneUsageDescription = "Audio is recorded to transcribe the meeting. Audio recordings are discarded after transcription.";
				INFOPLIST_KEY_NSSpeechRecognitionUsageDescription = "You can view a text transcription of your meeting in the app.";
				INFOPLIST_KEY_UIApplicationSceneManifest_Generation = YES;
				INFOPLIST_KEY_UIApplicationSupportsIndirectInputEvents = YES;
				INFOPLIST_KEY_UILaunchScreen_Generation = YES;
				INFOPLIST_KEY_UISupportedInterfaceOrientations_iPad = "UIInterfaceOrientationPortrait UIInterfaceOrientationPortraitUpsideDown UIInterfaceOrientationLandscapeLeft UIInterfaceOrientationLandscapeRight";
				INFOPLIST_KEY_UISupportedInterfaceOrientations_iPhone = "UIInterfaceOrientationPortrait UIInterfaceOrientationLandscapeLeft UIInterfaceOrientationLandscapeRight";
				LD_RUNPATH_SEARCH_PATHS = (
					"$(inherited)",
					"@executable_path/Frameworks",
				);
				MARKETING_VERSION = 1.0;
				PRODUCT_BUNDLE_IDENTIFIER = com.gc.Scrumdinger;
				PRODUCT_NAME = "$(TARGET_NAME)";
				SWIFT_EMIT_LOC_STRINGS = YES;
				SWIFT_VERSION = 5.0;
				TARGETED_DEVICE_FAMILY = "1,2";
			};
			name = Release;
		};
		A326D7732BA46F1C0051D26D /* Debug */ = {
			isa = XCBuildConfiguration;
			buildSettings = {
				ALWAYS_EMBED_SWIFT_STANDARD_LIBRARIES = YES;
				BUNDLE_LOADER = "$(TEST_HOST)";
				CODE_SIGN_STYLE = Automatic;
				CURRENT_PROJECT_VERSION = 1;
				DEVELOPMENT_TEAM = DG4449RVDY;
				GENERATE_INFOPLIST_FILE = YES;
				IPHONEOS_DEPLOYMENT_TARGET = 17.4;
				MARKETING_VERSION = 1.0;
				PRODUCT_BUNDLE_IDENTIFIER = com.gc.ScrumdingerTests;
				PRODUCT_NAME = "$(TARGET_NAME)";
				SWIFT_EMIT_LOC_STRINGS = NO;
				SWIFT_VERSION = 5.0;
				TARGETED_DEVICE_FAMILY = "1,2";
				TEST_HOST = "$(BUILT_PRODUCTS_DIR)/Scrumdinger.app/$(BUNDLE_EXECUTABLE_FOLDER_PATH)/Scrumdinger";
			};
			name = Debug;
		};
		A326D7742BA46F1C0051D26D /* Release */ = {
			isa = XCBuildConfiguration;
			buildSettings = {
				ALWAYS_EMBED_SWIFT_STANDARD_LIBRARIES = YES;
				BUNDLE_LOADER = "$(TEST_HOST)";
				CODE_SIGN_STYLE = Automatic;
				CURRENT_PROJECT_VERSION = 1;
				DEVELOPMENT_TEAM = DG4449RVDY;
				GENERATE_INFOPLIST_FILE = YES;
				IPHONEOS_DEPLOYMENT_TARGET = 17.4;
				MARKETING_VERSION = 1.0;
				PRODUCT_BUNDLE_IDENTIFIER = com.gc.ScrumdingerTests;
				PRODUCT_NAME = "$(TARGET_NAME)";
				SWIFT_EMIT_LOC_STRINGS = NO;
				SWIFT_VERSION = 5.0;
				TARGETED_DEVICE_FAMILY = "1,2";
				TEST_HOST = "$(BUILT_PRODUCTS_DIR)/Scrumdinger.app/$(BUNDLE_EXECUTABLE_FOLDER_PATH)/Scrumdinger";
			};
			name = Release;
		};
		A326D7762BA46F1C0051D26D /* Debug */ = {
			isa = XCBuildConfiguration;
			buildSettings = {
				ALWAYS_EMBED_SWIFT_STANDARD_LIBRARIES = YES;
				CODE_SIGN_STYLE = Automatic;
				CURRENT_PROJECT_VERSION = 1;
				DEVELOPMENT_TEAM = DG4449RVDY;
				GENERATE_INFOPLIST_FILE = YES;
				MARKETING_VERSION = 1.0;
				PRODUCT_BUNDLE_IDENTIFIER = com.gc.ScrumdingerUITests;
				PRODUCT_NAME = "$(TARGET_NAME)";
				SWIFT_EMIT_LOC_STRINGS = NO;
				SWIFT_VERSION = 5.0;
				TARGETED_DEVICE_FAMILY = "1,2";
				TEST_TARGET_NAME = Scrumdinger;
			};
			name = Debug;
		};
		A326D7772BA46F1C0051D26D /* Release */ = {
			isa = XCBuildConfiguration;
			buildSettings = {
				ALWAYS_EMBED_SWIFT_STANDARD_LIBRARIES = YES;
				CODE_SIGN_STYLE = Automatic;
				CURRENT_PROJECT_VERSION = 1;
				DEVELOPMENT_TEAM = DG4449RVDY;
				GENERATE_INFOPLIST_FILE = YES;
				MARKETING_VERSION = 1.0;
				PRODUCT_BUNDLE_IDENTIFIER = com.gc.ScrumdingerUITests;
				PRODUCT_NAME = "$(TARGET_NAME)";
				SWIFT_EMIT_LOC_STRINGS = NO;
				SWIFT_VERSION = 5.0;
				TARGETED_DEVICE_FAMILY = "1,2";
				TEST_TARGET_NAME = Scrumdinger;
			};
			name = Release;
		};
/* End XCBuildConfiguration section */

/* Begin XCConfigurationList section */
		A326D7462BA46F1A0051D26D /* Build configuration list for PBXProject "Scrumdinger" */ = {
			isa = XCConfigurationList;
			buildConfigurations = (
				A326D76D2BA46F1C0051D26D /* Debug */,
				A326D76E2BA46F1C0051D26D /* Release */,
			);
			defaultConfigurationIsVisible = 0;
			defaultConfigurationName = Release;
		};
		A326D76F2BA46F1C0051D26D /* Build configuration list for PBXNativeTarget "Scrumdinger" */ = {
			isa = XCConfigurationList;
			buildConfigurations = (
				A326D7702BA46F1C0051D26D /* Debug */,
				A326D7712BA46F1C0051D26D /* Release */,
			);
			defaultConfigurationIsVisible = 0;
			defaultConfigurationName = Release;
		};
		A326D7722BA46F1C0051D26D /* Build configuration list for PBXNativeTarget "ScrumdingerTests" */ = {
			isa = XCConfigurationList;
			buildConfigurations = (
				A326D7732BA46F1C0051D26D /* Debug */,
				A326D7742BA46F1C0051D26D /* Release */,
			);
			defaultConfigurationIsVisible = 0;
			defaultConfigurationName = Release;
		};
		A326D7752BA46F1C0051D26D /* Build configuration list for PBXNativeTarget "ScrumdingerUITests" */ = {
			isa = XCConfigurationList;
			buildConfigurations = (
				A326D7762BA46F1C0051D26D /* Debug */,
				A326D7772BA46F1C0051D26D /* Release */,
			);
			defaultConfigurationIsVisible = 0;
			defaultConfigurationName = Release;
		};
/* End XCConfigurationList section */
	};
	rootObject = A326D7432BA46F1A0051D26D /* Project object */;
}
